
Microsoft Visual Studio Solution File, Format Version 12.00
# Visual Studio Version 17
VisualStudioVersion = 17.9.34607.119
MinimumVisualStudioVersion = 10.0.40219.1
Project("{FAE04EC0-301F-11D3-BF4B-00C04F79EFBC}") = "modul_19_04", "modul_19_04\modul_19_04.csproj", "{DAD14E69-8BE4-473E-A82C-6AE5E4320891}"
EndProject
Global
	GlobalSection(SolutionConfigurationPlatforms) = preSolution
		Debug|Any CPU = Debug|Any CPU
		Release|Any CPU = Release|Any CPU
	EndGlobalSection
	GlobalSection(ProjectConfigurationPlatforms) = postSolution
		{DAD14E69-8BE4-473E-A82C-6AE5E4320891}.Debug|Any CPU.ActiveCfg = Debug|Any CPU
		{DAD14E69-8BE4-473E-A82C-6AE5E4320891}.Debug|Any CPU.Build.0 = Debug|Any CPU
		{DAD14E69-8BE4-473E-A82C-6AE5E4320891}.Release|Any CPU.ActiveCfg = Release|Any CPU
		{DAD14E69-8BE4-473E-A82C-6AE5E4320891}.Release|Any CPU.Build.0 = Release|Any CPU
	EndGlobalSection
	GlobalSection(SolutionProperties) = preSolution
		HideSolutionNode = FALSE
	EndGlobalSection
	GlobalSection(ExtensibilityGlobals) = postSolution
		SolutionGuid = {1779E231-4843-4B91-A524-8383ADDAEFED}
	EndGlobalSection
EndGlobal
